
Microsoft Visual Studio Solution File, Format Version 12.00
# Visual Studio Version 17
VisualStudioVersion = 17.4.33205.214
MinimumVisualStudioVersion = 10.0.40219.1
Project("{FAE04EC0-301F-11D3-BF4B-00C04F79EFBC}") = "ExamApplication", "ExamApplication\ExamApplication.csproj", "{424E4EA4-3626-41A1-8041-5BF45B57E48C}"
EndProject
Global
	GlobalSection(SolutionConfigurationPlatforms) = preSolution
		Debug|Any CPU = Debug|Any CPU
		Release|Any CPU = Release|Any CPU
	EndGlobalSection
	GlobalSection(ProjectConfigurationPlatforms) = postSolution
		{424E4EA4-3626-41A1-8041-5BF45B57E48C}.Debug|Any CPU.ActiveCfg = Debug|Any CPU
		{424E4EA4-3626-41A1-8041-5BF45B57E48C}.Debug|Any CPU.Build.0 = Debug|Any CPU
		{424E4EA4-3626-41A1-8041-5BF45B57E48C}.Release|Any CPU.ActiveCfg = Release|Any CPU
		{424E4EA4-3626-41A1-8041-5BF45B57E48C}.Release|Any CPU.Build.0 = Release|Any CPU
	EndGlobalSection
	GlobalSection(SolutionProperties) = preSolution
		HideSolutionNode = FALSE
	EndGlobalSection
	GlobalSection(ExtensibilityGlobals) = postSolution
		SolutionGuid = {B4A23A19-3384-4812-813D-114CAE09E07A}
	EndGlobalSection
EndGlobal
